
Microsoft Visual Studio Solution File, Format Version 12.00
# Visual Studio 15
VisualStudioVersion = 15.0.28307.329
MinimumVisualStudioVersion = 10.0.40219.1
Project("{FAE04EC0-301F-11D3-BF4B-00C04F79EFBC}") = "dotnet-console-msi-storage", "dotnet-console-msi-storage\dotnet-console-msi-storage.csproj", "{A456FEB8-9D04-4933-A345-D3B82BAE619C}"
EndProject
Global
	GlobalSection(SolutionConfigurationPlatforms) = preSolution
		Debug|Any CPU = Debug|Any CPU
		Release|Any CPU = Release|Any CPU
	EndGlobalSection
	GlobalSection(ProjectConfigurationPlatforms) = postSolution
		{A456FEB8-9D04-4933-A345-D3B82BAE619C}.Debug|Any CPU.ActiveCfg = Debug|Any CPU
		{A456FEB8-9D04-4933-A345-D3B82BAE619C}.Debug|Any CPU.Build.0 = Debug|Any CPU
		{A456FEB8-9D04-4933-A345-D3B82BAE619C}.Release|Any CPU.ActiveCfg = Release|Any CPU
		{A456FEB8-9D04-4933-A345-D3B82BAE619C}.Release|Any CPU.Build.0 = Release|Any CPU
	EndGlobalSection
	GlobalSection(SolutionProperties) = preSolution
		HideSolutionNode = FALSE
	EndGlobalSection
	GlobalSection(ExtensibilityGlobals) = postSolution
		SolutionGuid = {F9E40720-C35C-4825-B770-216A3CF280C8}
	EndGlobalSection
EndGlobal
